{
  "name": "librg.c",
  "version": "3.1.0",
  "lockfileVersion": 1,
  "requires": true,
  "dependencies": {
    "enet.c": {
      "version": "1.4.5",
      "resolved": "https://registry.npmjs.org/enet.c/-/enet.c-1.4.5.tgz",
      "integrity": "sha512-3vT2kHdxcsW8K4aKy90il81WxGQ6tw2smD96k8fdAuwljSS1CwuArYRqjVbqbQjrtcUQIJyY68JIz8KQQmIrPg=="
    },
    "zpl.c": {
      "version": "4.0.1",
      "resolved": "https://registry.npmjs.org/zpl.c/-/zpl.c-4.0.1.tgz",
      "integrity": "sha512-UM6vz40pTsmzwqgVCBdoU6KhrCcGZBoUp9QEwgEujxWAZlv8e8riyMUHOqqCT68aYrCRR1oWG2nDPBsgFwzCLw=="
    },
    "zpl_math.c": {
      "version": "1.1.0",
      "resolved": "https://registry.npmjs.org/zpl_math.c/-/zpl_math.c-1.1.0.tgz",
      "integrity": "sha512-bcVKHZLxYzmIOQyyLnvo9z8ouOBnG8nYMuKmVUY9H3gKha/3hl3fj+xOBYCFQkyQJMYYyTJOIiFb2ngcVHWcMA=="
    }
  }
}
