{
  "name": "librg.c",
  "version": "3.3.0",
  "lockfileVersion": 1,
  "requires": true,
  "dependencies": {
    "enet.c": {
      "version": "2.1.2",
      "resolved": "https://registry.npmjs.org/enet.c/-/enet.c-2.1.2.tgz",
      "integrity": "sha512-9B9ypSFnzxsTWpjxTgDQtNGVrnk3ObBSWb1F6oiGu5Weodyg65NBXQiSWa4Q/nh/MvGjy9bFXRfJlUOQbtohNw=="
    },
    "zpl.c": {
      "version": "8.12.2",
      "resolved": "https://registry.npmjs.org/zpl.c/-/zpl.c-8.12.2.tgz",
      "integrity": "sha512-dABeQ7Jd8qeYuRnc9njX17bQvEOQdczBb1kZuzdzETEImFKvbA4RfB04mcP5LWSYWhmKwJryXiK3KSnHrsKJhQ=="
    }
  }
}
