{
  "name": "librg.c",
  "version": "3.2.0",
  "lockfileVersion": 1,
  "requires": true,
  "dependencies": {
    "enet.c": {
      "version": "2.0.0",
      "resolved": "https://registry.npmjs.org/enet.c/-/enet.c-2.0.0.tgz",
      "integrity": "sha512-ITxUYvDkXJoi5TFUwfqRbCYmfgv6PGjlRK7hbspZ22DgFx6mBDgpWG/ix1WTjtPJ/oCOjepi6Lzd1M5jozCemQ=="
    },
    "zpl.c": {
      "version": "6.6.0",
      "resolved": "https://registry.npmjs.org/zpl.c/-/zpl.c-6.6.0.tgz",
      "integrity": "sha512-juTf8XVFvFhqYLpPgLyLg6whqRlO65qckWoRrIPasJV+nckU+0DEcykW5xBVWuFvgy0Fq6UnjEwi2zbrsRbH+A=="
    }
  }
}
